
Microsoft Visual Studio Solution File, Format Version 12.00
# Visual Studio 14
VisualStudioVersion = 14.0.25420.1
MinimumVisualStudioVersion = 10.0.40219.1
Project("{FAE04EC0-301F-11D3-BF4B-00C04F79EFBC}") = "MyRestfulApp", "MyRestfulApp\MyRestfulApp.csproj", "{C5BDA798-7DAC-4B19-AB8C-B70CA8310EC6}"
EndProject
Project("{FAE04EC0-301F-11D3-BF4B-00C04F79EFBC}") = "MyRestfulApp.Tests", "MyRestfulApp.Tests\MyRestfulApp.Tests.csproj", "{C02B5DB5-7CBC-49A4-A540-4CDA50A54DE9}"
EndProject
Global
	GlobalSection(SolutionConfigurationPlatforms) = preSolution
		Debug|Any CPU = Debug|Any CPU
		Release|Any CPU = Release|Any CPU
	EndGlobalSection
	GlobalSection(ProjectConfigurationPlatforms) = postSolution
		{C5BDA798-7DAC-4B19-AB8C-B70CA8310EC6}.Debug|Any CPU.ActiveCfg = Debug|Any CPU
		{C5BDA798-7DAC-4B19-AB8C-B70CA8310EC6}.Debug|Any CPU.Build.0 = Debug|Any CPU
		{C5BDA798-7DAC-4B19-AB8C-B70CA8310EC6}.Release|Any CPU.ActiveCfg = Release|Any CPU
		{C5BDA798-7DAC-4B19-AB8C-B70CA8310EC6}.Release|Any CPU.Build.0 = Release|Any CPU
		{C02B5DB5-7CBC-49A4-A540-4CDA50A54DE9}.Debug|Any CPU.ActiveCfg = Debug|Any CPU
		{C02B5DB5-7CBC-49A4-A540-4CDA50A54DE9}.Debug|Any CPU.Build.0 = Debug|Any CPU
		{C02B5DB5-7CBC-49A4-A540-4CDA50A54DE9}.Release|Any CPU.ActiveCfg = Release|Any CPU
		{C02B5DB5-7CBC-49A4-A540-4CDA50A54DE9}.Release|Any CPU.Build.0 = Release|Any CPU
	EndGlobalSection
	GlobalSection(SolutionProperties) = preSolution
		HideSolutionNode = FALSE
	EndGlobalSection
EndGlobal
